
Microsoft Visual Studio Solution File, Format Version 12.00
# Visual Studio Version 17
VisualStudioVersion = 17.5.33516.290
MinimumVisualStudioVersion = 10.0.40219.1
Project("{FAE04EC0-301F-11D3-BF4B-00C04F79EFBC}") = "UbSocial", "UbSocial\UbSocial.csproj", "{CE9AE1EC-7CAE-4FF1-9C89-04185D882390}"
EndProject
Global
	GlobalSection(SolutionConfigurationPlatforms) = preSolution
		Debug|Any CPU = Debug|Any CPU
		Release|Any CPU = Release|Any CPU
	EndGlobalSection
	GlobalSection(ProjectConfigurationPlatforms) = postSolution
		{CE9AE1EC-7CAE-4FF1-9C89-04185D882390}.Debug|Any CPU.ActiveCfg = Debug|Any CPU
		{CE9AE1EC-7CAE-4FF1-9C89-04185D882390}.Debug|Any CPU.Build.0 = Debug|Any CPU
		{CE9AE1EC-7CAE-4FF1-9C89-04185D882390}.Release|Any CPU.ActiveCfg = Release|Any CPU
		{CE9AE1EC-7CAE-4FF1-9C89-04185D882390}.Release|Any CPU.Build.0 = Release|Any CPU
	EndGlobalSection
	GlobalSection(SolutionProperties) = preSolution
		HideSolutionNode = FALSE
	EndGlobalSection
	GlobalSection(ExtensibilityGlobals) = postSolution
		SolutionGuid = {A2F2423D-3F24-4D99-B551-7FC991F01FB9}
	EndGlobalSection
EndGlobal
